// !$*UTF8*$!
{
	archiveVersion = 1;
	classes = {
	};
	objectVersion = 56;
	objects = {

/* Begin PBXBuildFile section */
		BE3A5AD72B3066230068A3F1 /* WhoLetTheDogsOutApp.swift in Sources */ = {isa = PBXBuildFile; fileRef = BE3A5AD62B3066230068A3F1 /* WhoLetTheDogsOutApp.swift */; };
		BE3A5AD92B3066230068A3F1 /* ContentView.swift in Sources */ = {isa = PBXBuildFile; fileRef = BE3A5AD82B3066230068A3F1 /* ContentView.swift */; };
		BE3A5ADB2B3066240068A3F1 /* Assets.xcassets in Resources */ = {isa = PBXBuildFile; fileRef = BE3A5ADA2B3066240068A3F1 /* Assets.xcassets */; };
		BE3A5ADE2B3066240068A3F1 /* Preview Assets.xcassets in Resources */ = {isa = PBXBuildFile; fileRef = BE3A5ADD2B3066240068A3F1 /* Preview Assets.xcassets */; };
		BEF644852B3DA5B00081B18B /* PicsumResponse.swift in Sources */ = {isa = PBXBuildFile; fileRef = BEF644842B3DA5B00081B18B /* PicsumResponse.swift */; };
		BEF644872B3DA6850081B18B /* ImageService.swift in Sources */ = {isa = PBXBuildFile; fileRef = BEF644862B3DA6850081B18B /* ImageService.swift */; };
		BEF644892B3DA75D0081B18B /* ImageListView.swift in Sources */ = {isa = PBXBuildFile; fileRef = BEF644882B3DA75D0081B18B /* ImageListView.swift */; };
		BEF6448B2B3DABC50081B18B /* PhotoCell.swift in Sources */ = {isa = PBXBuildFile; fileRef = BEF6448A2B3DABC50081B18B /* PhotoCell.swift */; };
/* End PBXBuildFile section */

/* Begin PBXFileReference section */
		BE3A5AD32B3066230068A3F1 /* WhoLetTheDogsOut.app */ = {isa = PBXFileReference; explicitFileType = wrapper.application; includeInIndex = 0; path = WhoLetTheDogsOut.app; sourceTree = BUILT_PRODUCTS_DIR; };
		BE3A5AD62B3066230068A3F1 /* WhoLetTheDogsOutApp.swift */ = {isa = PBXFileReference; lastKnownFileType = sourcecode.swift; path = WhoLetTheDogsOutApp.swift; sourceTree = "<group>"; };
		BE3A5AD82B3066230068A3F1 /* ContentView.swift */ = {isa = PBXFileReference; lastKnownFileType = sourcecode.swift; path = ContentView.swift; sourceTree = "<group>"; };
		BE3A5ADA2B3066240068A3F1 /* Assets.xcassets */ = {isa = PBXFileReference; lastKnownFileType = folder.assetcatalog; path = Assets.xcassets; sourceTree = "<group>"; };
		BE3A5ADD2B3066240068A3F1 /* Preview Assets.xcassets */ = {isa = PBXFileReference; lastKnownFileType = folder.assetcatalog; path = "Preview Assets.xcassets"; sourceTree = "<group>"; };
		BEF644842B3DA5B00081B18B /* PicsumResponse.swift */ = {isa = PBXFileReference; lastKnownFileType = sourcecode.swift; path = PicsumResponse.swift; sourceTree = "<group>"; };
		BEF644862B3DA6850081B18B /* ImageService.swift */ = {isa = PBXFileReference; lastKnownFileType = sourcecode.swift; path = ImageService.swift; sourceTree = "<group>"; };
		BEF644882B3DA75D0081B18B /* ImageListView.swift */ = {isa = PBXFileReference; lastKnownFileType = sourcecode.swift; path = ImageListView.swift; sourceTree = "<group>"; };
		BEF6448A2B3DABC50081B18B /* PhotoCell.swift */ = {isa = PBXFileReference; lastKnownFileType = sourcecode.swift; path = PhotoCell.swift; sourceTree = "<group>"; };
/* End PBXFileReference section */

/* Begin PBXFrameworksBuildPhase section */
		BE3A5AD02B3066230068A3F1 /* Frameworks */ = {
			isa = PBXFrameworksBuildPhase;
			buildActionMask = 2147483647;
			files = (
			);
			runOnlyForDeploymentPostprocessing = 0;
		};
/* End PBXFrameworksBuildPhase section */

/* Begin PBXGroup section */
		BE3A5ACA2B3066230068A3F1 = {
			isa = PBXGroup;
			children = (
				BE3A5AD52B3066230068A3F1 /* WhoLetTheDogsOut */,
				BE3A5AD42B3066230068A3F1 /* Products */,
			);
			sourceTree = "<group>";
		};
		BE3A5AD42B3066230068A3F1 /* Products */ = {
			isa = PBXGroup;
			children = (
				BE3A5AD32B3066230068A3F1 /* WhoLetTheDogsOut.app */,
			);
			name = Products;
			sourceTree = "<group>";
		};
		BE3A5AD52B3066230068A3F1 /* WhoLetTheDogsOut */ = {
			isa = PBXGroup;
			children = (
				BE3A5AD62B3066230068A3F1 /* WhoLetTheDogsOutApp.swift */,
				BE3A5AD82B3066230068A3F1 /* ContentView.swift */,
				BEF644882B3DA75D0081B18B /* ImageListView.swift */,
				BEF6448A2B3DABC50081B18B /* PhotoCell.swift */,
				BEF644842B3DA5B00081B18B /* PicsumResponse.swift */,
				BEF644862B3DA6850081B18B /* ImageService.swift */,
				BE3A5ADA2B3066240068A3F1 /* Assets.xcassets */,
				BE3A5ADC2B3066240068A3F1 /* Preview Content */,
			);
			path = WhoLetTheDogsOut;
			sourceTree = "<group>";
		};
		BE3A5ADC2B3066240068A3F1 /* Preview Content */ = {
			isa = PBXGroup;
			children = (
				BE3A5ADD2B3066240068A3F1 /* Preview Assets.xcassets */,
			);
			path = "Preview Content";
			sourceTree = "<group>";
		};
/* End PBXGroup section */

/* Begin PBXNativeTarget section */
		BE3A5AD22B3066230068A3F1 /* WhoLetTheDogsOut */ = {
			isa = PBXNativeTarget;
			buildConfigurationList = BE3A5AE12B3066240068A3F1 /* Build configuration list for PBXNativeTarget "WhoLetTheDogsOut" */;
			buildPhases = (
				BE3A5ACF2B3066230068A3F1 /* Sources */,
				BE3A5AD02B3066230068A3F1 /* Frameworks */,
				BE3A5AD12B3066230068A3F1 /* Resources */,
			);
			buildRules = (
			);
			dependencies = (
			);
			name = WhoLetTheDogsOut;
			productName = WhoLetTheDogsOut;
			productReference = BE3A5AD32B3066230068A3F1 /* WhoLetTheDogsOut.app */;
			productType = "com.apple.product-type.application";
		};
/* End PBXNativeTarget section */

/* Begin PBXProject section */
		BE3A5ACB2B3066230068A3F1 /* Project object */ = {
			isa = PBXProject;
			attributes = {
				BuildIndependentTargetsInParallel = 1;
				LastSwiftUpdateCheck = 1500;
				LastUpgradeCheck = 1500;
				TargetAttributes = {
					BE3A5AD22B3066230068A3F1 = {
						CreatedOnToolsVersion = 15.0;
					};
				};
			};
			buildConfigurationList = BE3A5ACE2B3066230068A3F1 /* Build configuration list for PBXProject "WhoLetTheDogsOut" */;
			compatibilityVersion = "Xcode 14.0";
			developmentRegion = en;
			hasScannedForEncodings = 0;
			knownRegions = (
				en,
				Base,
			);
			mainGroup = BE3A5ACA2B3066230068A3F1;
			productRefGroup = BE3A5AD42B3066230068A3F1 /* Products */;
			projectDirPath = "";
			projectRoot = "";
			targets = (
				BE3A5AD22B3066230068A3F1 /* WhoLetTheDogsOut */,
			);
		};
/* End PBXProject section */

/* Begin PBXResourcesBuildPhase section */
		BE3A5AD12B3066230068A3F1 /* Resources */ = {
			isa = PBXResourcesBuildPhase;
			buildActionMask = 2147483647;
			files = (
				BE3A5ADE2B3066240068A3F1 /* Preview Assets.xcassets in Resources */,
				BE3A5ADB2B3066240068A3F1 /* Assets.xcassets in Resources */,
			);
			runOnlyForDeploymentPostprocessing = 0;
		};
/* End PBXResourcesBuildPhase section */

/* Begin PBXSourcesBuildPhase section */
		BE3A5ACF2B3066230068A3F1 /* Sources */ = {
			isa = PBXSourcesBuildPhase;
			buildActionMask = 2147483647;
			files = (
				BE3A5AD92B3066230068A3F1 /* ContentView.swift in Sources */,
				BEF644872B3DA6850081B18B /* ImageService.swift in Sources */,
				BE3A5AD72B3066230068A3F1 /* WhoLetTheDogsOutApp.swift in Sources */,
				BEF644892B3DA75D0081B18B /* ImageListView.swift in Sources */,
				BEF6448B2B3DABC50081B18B /* PhotoCell.swift in Sources */,
				BEF644852B3DA5B00081B18B /* PicsumResponse.swift in Sources */,
			);
			runOnlyForDeploymentPostprocessing = 0;
		};
/* End PBXSourcesBuildPhase section */

/* Begin XCBuildConfiguration section */
		BE3A5ADF2B3066240068A3F1 /* Debug */ = {
			isa = XCBuildConfiguration;
			buildSettings = {
				ALWAYS_SEARCH_USER_PATHS = NO;
				ASSETCATALOG_COMPILER_GENERATE_SWIFT_ASSET_SYMBOL_EXTENSIONS = YES;
				CLANG_ANALYZER_NONNULL = YES;
				CLANG_ANALYZER_NUMBER_OBJECT_CONVERSION = YES_AGGRESSIVE;
				CLANG_CXX_LANGUAGE_STANDARD = "gnu++20";
				CLANG_ENABLE_MODULES = YES;
				CLANG_ENABLE_OBJC_ARC = YES;
				CLANG_ENABLE_OBJC_WEAK = YES;
				CLANG_WARN_BLOCK_CAPTURE_AUTORELEASING = YES;
				CLANG_WARN_BOOL_CONVERSION = YES;
				CLANG_WARN_COMMA = YES;
				CLANG_WARN_CONSTANT_CONVERSION = YES;
				CLANG_WARN_DEPRECATED_OBJC_IMPLEMENTATIONS = YES;
				CLANG_WARN_DIRECT_OBJC_ISA_USAGE = YES_ERROR;
				CLANG_WARN_DOCUMENTATION_COMMENTS = YES;
				CLANG_WARN_EMPTY_BODY = YES;
				CLANG_WARN_ENUM_CONVERSION = YES;
				CLANG_WARN_INFINITE_RECURSION = YES;
				CLANG_WARN_INT_CONVERSION = YES;
				CLANG_WARN_NON_LITERAL_NULL_CONVERSION = YES;
				CLANG_WARN_OBJC_IMPLICIT_RETAIN_SELF = YES;
				CLANG_WARN_OBJC_LITERAL_CONVERSION = YES;
				CLANG_WARN_OBJC_ROOT_CLASS = YES_ERROR;
				CLANG_WARN_QUOTED_INCLUDE_IN_FRAMEWORK_HEADER = YES;
				CLANG_WARN_RANGE_LOOP_ANALYSIS = YES;
				CLANG_WARN_STRICT_PROTOTYPES = YES;
				CLANG_WARN_SUSPICIOUS_MOVE = YES;
				CLANG_WARN_UNGUARDED_AVAILABILITY = YES_AGGRESSIVE;
				CLANG_WARN_UNREACHABLE_CODE = YES;
				CLANG_WARN__DUPLICATE_METHOD_MATCH = YES;
				COPY_PHASE_STRIP = NO;
				DEBUG_INFORMATION_FORMAT = dwarf;
				ENABLE_STRICT_OBJC_MSGSEND = YES;
				ENABLE_TESTABILITY = YES;
				ENABLE_USER_SCRIPT_SANDBOXING = YES;
				GCC_C_LANGUAGE_STANDARD = gnu17;
				GCC_DYNAMIC_NO_PIC = NO;
				GCC_NO_COMMON_BLOCKS = YES;
				GCC_OPTIMIZATION_LEVEL = 0;
				GCC_PREPROCESSOR_DEFINITIONS = (
					"DEBUG=1",
					"$(inherited)",
				);
				GCC_WARN_64_TO_32_BIT_CONVERSION = YES;
				GCC_WARN_ABOUT_RETURN_TYPE = YES_ERROR;
				GCC_WARN_UNDECLARED_SELECTOR = YES;
				GCC_WARN_UNINITIALIZED_AUTOS = YES_AGGRESSIVE;
				GCC_WARN_UNUSED_FUNCTION = YES;
				GCC_WARN_UNUSED_VARIABLE = YES;
				IPHONEOS_DEPLOYMENT_TARGET = 17.0;
				LOCALIZATION_PREFERS_STRING_CATALOGS = YES;
				MTL_ENABLE_DEBUG_INFO = INCLUDE_SOURCE;
				MTL_FAST_MATH = YES;
				ONLY_ACTIVE_ARCH = YES;
				SDKROOT = iphoneos;
				SWIFT_ACTIVE_COMPILATION_CONDITIONS = "DEBUG $(inherited)";
				SWIFT_OPTIMIZATION_LEVEL = "-Onone";
			};
			name = Debug;
		};
		BE3A5AE02B3066240068A3F1 /* Release */ = {
			isa = XCBuildConfiguration;
			buildSettings = {
				ALWAYS_SEARCH_USER_PATHS = NO;
				ASSETCATALOG_COMPILER_GENERATE_SWIFT_ASSET_SYMBOL_EXTENSIONS = YES;
				CLANG_ANALYZER_NONNULL = YES;
				CLANG_ANALYZER_NUMBER_OBJECT_CONVERSION = YES_AGGRESSIVE;
				CLANG_CXX_LANGUAGE_STANDARD = "gnu++20";
				CLANG_ENABLE_MODULES = YES;
				CLANG_ENABLE_OBJC_ARC = YES;
				CLANG_ENABLE_OBJC_WEAK = YES;
				CLANG_WARN_BLOCK_CAPTURE_AUTORELEASING = YES;
				CLANG_WARN_BOOL_CONVERSION = YES;
				CLANG_WARN_COMMA = YES;
				CLANG_WARN_CONSTANT_CONVERSION = YES;
				CLANG_WARN_DEPRECATED_OBJC_IMPLEMENTATIONS = YES;
				CLANG_WARN_DIRECT_OBJC_ISA_USAGE = YES_ERROR;
				CLANG_WARN_DOCUMENTATION_COMMENTS = YES;
				CLANG_WARN_EMPTY_BODY = YES;
				CLANG_WARN_ENUM_CONVERSION = YES;
				CLANG_WARN_INFINITE_RECURSION = YES;
				CLANG_WARN_INT_CONVERSION = YES;
				CLANG_WARN_NON_LITERAL_NULL_CONVERSION = YES;
				CLANG_WARN_OBJC_IMPLICIT_RETAIN_SELF = YES;
				CLANG_WARN_OBJC_LITERAL_CONVERSION = YES;
				CLANG_WARN_OBJC_ROOT_CLASS = YES_ERROR;
				CLANG_WARN_QUOTED_INCLUDE_IN_FRAMEWORK_HEADER = YES;
				CLANG_WARN_RANGE_LOOP_ANALYSIS = YES;
				CLANG_WARN_STRICT_PROTOTYPES = YES;
				CLANG_WARN_SUSPICIOUS_MOVE = YES;
				CLANG_WARN_UNGUARDED_AVAILABILITY = YES_AGGRESSIVE;
				CLANG_WARN_UNREACHABLE_CODE = YES;
				CLANG_WARN__DUPLICATE_METHOD_MATCH = YES;
				COPY_PHASE_STRIP = NO;
				DEBUG_INFORMATION_FORMAT = "dwarf-with-dsym";
				ENABLE_NS_ASSERTIONS = NO;
				ENABLE_STRICT_OBJC_MSGSEND = YES;
				ENABLE_USER_SCRIPT_SANDBOXING = YES;
				GCC_C_LANGUAGE_STANDARD = gnu17;
				GCC_NO_COMMON_BLOCKS = YES;
				GCC_WARN_64_TO_32_BIT_CONVERSION = YES;
				GCC_WARN_ABOUT_RETURN_TYPE = YES_ERROR;
				GCC_WARN_UNDECLARED_SELECTOR = YES;
				GCC_WARN_UNINITIALIZED_AUTOS = YES_AGGRESSIVE;
				GCC_WARN_UNUSED_FUNCTION = YES;
				GCC_WARN_UNUSED_VARIABLE = YES;
				IPHONEOS_DEPLOYMENT_TARGET = 17.0;
				LOCALIZATION_PREFERS_STRING_CATALOGS = YES;
				MTL_ENABLE_DEBUG_INFO = NO;
				MTL_FAST_MATH = YES;
				SDKROOT = iphoneos;
				SWIFT_COMPILATION_MODE = wholemodule;
				VALIDATE_PRODUCT = YES;
			};
			name = Release;
		};
		BE3A5AE22B3066240068A3F1 /* Debug */ = {
			isa = XCBuildConfiguration;
			buildSettings = {
				ASSETCATALOG_COMPILER_APPICON_NAME = AppIcon;
				ASSETCATALOG_COMPILER_GLOBAL_ACCENT_COLOR_NAME = AccentColor;
				CODE_SIGN_STYLE = Automatic;
				CURRENT_PROJECT_VERSION = 1;
				DEVELOPMENT_ASSET_PATHS = "\"WhoLetTheDogsOut/Preview Content\"";
				DEVELOPMENT_TEAM = D7F6ZDDCV9;
				ENABLE_PREVIEWS = YES;
				GENERATE_INFOPLIST_FILE = YES;
				INFOPLIST_KEY_UIApplicationSceneManifest_Generation = YES;
				INFOPLIST_KEY_UIApplicationSupportsIndirectInputEvents = YES;
				INFOPLIST_KEY_UILaunchScreen_Generation = YES;
				INFOPLIST_KEY_UISupportedInterfaceOrientations_iPad = "UIInterfaceOrientationPortrait UIInterfaceOrientationPortraitUpsideDown UIInterfaceOrientationLandscapeLeft UIInterfaceOrientationLandscapeRight";
				INFOPLIST_KEY_UISupportedInterfaceOrientations_iPhone = "UIInterfaceOrientationPortrait UIInterfaceOrientationLandscapeLeft UIInterfaceOrientationLandscapeRight";
				LD_RUNPATH_SEARCH_PATHS = (
					"$(inherited)",
					"@executable_path/Frameworks",
				);
				MARKETING_VERSION = 1.0;
				PRODUCT_BUNDLE_IDENTIFIER = com.gucci.WhoLetTheDogsOut;
				PRODUCT_NAME = "$(TARGET_NAME)";
				SWIFT_EMIT_LOC_STRINGS = YES;
				SWIFT_VERSION = 5.0;
				TARGETED_DEVICE_FAMILY = "1,2";
			};
			name = Debug;
		};
		BE3A5AE32B3066240068A3F1 /* Release */ = {
			isa = XCBuildConfiguration;
			buildSettings = {
				ASSETCATALOG_COMPILER_APPICON_NAME = AppIcon;
				ASSETCATALOG_COMPILER_GLOBAL_ACCENT_COLOR_NAME = AccentColor;
				CODE_SIGN_STYLE = Automatic;
				CURRENT_PROJECT_VERSION = 1;
				DEVELOPMENT_ASSET_PATHS = "\"WhoLetTheDogsOut/Preview Content\"";
				DEVELOPMENT_TEAM = D7F6ZDDCV9;
				ENABLE_PREVIEWS = YES;
				GENERATE_INFOPLIST_FILE = YES;
				INFOPLIST_KEY_UIApplicationSceneManifest_Generation = YES;
				INFOPLIST_KEY_UIApplicationSupportsIndirectInputEvents = YES;
				INFOPLIST_KEY_UILaunchScreen_Generation = YES;
				INFOPLIST_KEY_UISupportedInterfaceOrientations_iPad = "UIInterfaceOrientationPortrait UIInterfaceOrientationPortraitUpsideDown UIInterfaceOrientationLandscapeLeft UIInterfaceOrientationLandscapeRight";
				INFOPLIST_KEY_UISupportedInterfaceOrientations_iPhone = "UIInterfaceOrientationPortrait UIInterfaceOrientationLandscapeLeft UIInterfaceOrientationLandscapeRight";
				LD_RUNPATH_SEARCH_PATHS = (
					"$(inherited)",
					"@executable_path/Frameworks",
				);
				MARKETING_VERSION = 1.0;
				PRODUCT_BUNDLE_IDENTIFIER = com.gucci.WhoLetTheDogsOut;
				PRODUCT_NAME = "$(TARGET_NAME)";
				SWIFT_EMIT_LOC_STRINGS = YES;
				SWIFT_VERSION = 5.0;
				TARGETED_DEVICE_FAMILY = "1,2";
			};
			name = Release;
		};
/* End XCBuildConfiguration section */

/* Begin XCConfigurationList section */
		BE3A5ACE2B3066230068A3F1 /* Build configuration list for PBXProject "WhoLetTheDogsOut" */ = {
			isa = XCConfigurationList;
			buildConfigurations = (
				BE3A5ADF2B3066240068A3F1 /* Debug */,
				BE3A5AE02B3066240068A3F1 /* Release */,
			);
			defaultConfigurationIsVisible = 0;
			defaultConfigurationName = Release;
		};
		BE3A5AE12B3066240068A3F1 /* Build configuration list for PBXNativeTarget "WhoLetTheDogsOut" */ = {
			isa = XCConfigurationList;
			buildConfigurations = (
				BE3A5AE22B3066240068A3F1 /* Debug */,
				BE3A5AE32B3066240068A3F1 /* Release */,
			);
			defaultConfigurationIsVisible = 0;
			defaultConfigurationName = Release;
		};
/* End XCConfigurationList section */
	};
	rootObject = BE3A5ACB2B3066230068A3F1 /* Project object */;
}
